
Microsoft Visual Studio Solution File, Format Version 12.00
# Visual Studio Version 17
VisualStudioVersion = 17.0.31912.275
MinimumVisualStudioVersion = 10.0.40219.1
Project("{9A19103F-16F7-4668-BE54-9A1E7A4F7556}") = "CostsSettler.API", "CostsSettler.API\CostsSettler.API.csproj", "{1A1D5714-FCC8-494F-82D3-61675DB3F82C}"
	ProjectSection(ProjectDependencies) = postProject
		{FE019262-B2AF-4107-A7A9-18B8E7093BB8} = {FE019262-B2AF-4107-A7A9-18B8E7093BB8}
		{F2F8BD77-49B5-47C3-9718-316E7BAD7A08} = {F2F8BD77-49B5-47C3-9718-316E7BAD7A08}
		{2BFA9AAC-E763-466C-8F15-A3677C839B94} = {2BFA9AAC-E763-466C-8F15-A3677C839B94}
	EndProjectSection
EndProject
Project("{9A19103F-16F7-4668-BE54-9A1E7A4F7556}") = "CostsSettler.Repository", "CostsSettler.Repository\CostsSettler.Repository.csproj", "{F2F8BD77-49B5-47C3-9718-316E7BAD7A08}"
	ProjectSection(ProjectDependencies) = postProject
		{C3636D6E-C209-4EC0-B453-61B9AEA68564} = {C3636D6E-C209-4EC0-B453-61B9AEA68564}
	EndProjectSection
EndProject
Project("{FAE04EC0-301F-11D3-BF4B-00C04F79EFBC}") = "CostsSettler.ReportsGenerating", "CostsSettler.ReportsGenerating\CostsSettler.ReportsGenerating.csproj", "{FE019262-B2AF-4107-A7A9-18B8E7093BB8}"
	ProjectSection(ProjectDependencies) = postProject
		{F2F8BD77-49B5-47C3-9718-316E7BAD7A08} = {F2F8BD77-49B5-47C3-9718-316E7BAD7A08}
	EndProjectSection
EndProject
Project("{FAE04EC0-301F-11D3-BF4B-00C04F79EFBC}") = "CostsSettler.Logic", "CostsSettler.Logic\CostsSettler.Logic.csproj", "{2BFA9AAC-E763-466C-8F15-A3677C839B94}"
EndProject
Project("{FAE04EC0-301F-11D3-BF4B-00C04F79EFBC}") = "CostsSettler.Model", "CostsSettler.Model\CostsSettler.Model.csproj", "{C3636D6E-C209-4EC0-B453-61B9AEA68564}"
EndProject
Project("{FAE04EC0-301F-11D3-BF4B-00C04F79EFBC}") = "CostsSettler.UnitTests", "CostsSettler.UnitTests\CostsSettler.UnitTests.csproj", "{409D2908-215B-4245-979B-2EDD6BFB38F0}"
	ProjectSection(ProjectDependencies) = postProject
		{1A1D5714-FCC8-494F-82D3-61675DB3F82C} = {1A1D5714-FCC8-494F-82D3-61675DB3F82C}
	EndProjectSection
EndProject
Global
	GlobalSection(SolutionConfigurationPlatforms) = preSolution
		Debug|Any CPU = Debug|Any CPU
		Release|Any CPU = Release|Any CPU
	EndGlobalSection
	GlobalSection(ProjectConfigurationPlatforms) = postSolution
		{1A1D5714-FCC8-494F-82D3-61675DB3F82C}.Debug|Any CPU.ActiveCfg = Debug|Any CPU
		{1A1D5714-FCC8-494F-82D3-61675DB3F82C}.Debug|Any CPU.Build.0 = Debug|Any CPU
		{1A1D5714-FCC8-494F-82D3-61675DB3F82C}.Release|Any CPU.ActiveCfg = Release|Any CPU
		{1A1D5714-FCC8-494F-82D3-61675DB3F82C}.Release|Any CPU.Build.0 = Release|Any CPU
		{F2F8BD77-49B5-47C3-9718-316E7BAD7A08}.Debug|Any CPU.ActiveCfg = Debug|Any CPU
		{F2F8BD77-49B5-47C3-9718-316E7BAD7A08}.Debug|Any CPU.Build.0 = Debug|Any CPU
		{F2F8BD77-49B5-47C3-9718-316E7BAD7A08}.Release|Any CPU.ActiveCfg = Release|Any CPU
		{F2F8BD77-49B5-47C3-9718-316E7BAD7A08}.Release|Any CPU.Build.0 = Release|Any CPU
		{FE019262-B2AF-4107-A7A9-18B8E7093BB8}.Debug|Any CPU.ActiveCfg = Debug|Any CPU
		{FE019262-B2AF-4107-A7A9-18B8E7093BB8}.Debug|Any CPU.Build.0 = Debug|Any CPU
		{FE019262-B2AF-4107-A7A9-18B8E7093BB8}.Release|Any CPU.ActiveCfg = Release|Any CPU
		{FE019262-B2AF-4107-A7A9-18B8E7093BB8}.Release|Any CPU.Build.0 = Release|Any CPU
		{2BFA9AAC-E763-466C-8F15-A3677C839B94}.Debug|Any CPU.ActiveCfg = Debug|Any CPU
		{2BFA9AAC-E763-466C-8F15-A3677C839B94}.Debug|Any CPU.Build.0 = Debug|Any CPU
		{2BFA9AAC-E763-466C-8F15-A3677C839B94}.Release|Any CPU.ActiveCfg = Release|Any CPU
		{2BFA9AAC-E763-466C-8F15-A3677C839B94}.Release|Any CPU.Build.0 = Release|Any CPU
		{C3636D6E-C209-4EC0-B453-61B9AEA68564}.Debug|Any CPU.ActiveCfg = Debug|Any CPU
		{C3636D6E-C209-4EC0-B453-61B9AEA68564}.Debug|Any CPU.Build.0 = Debug|Any CPU
		{C3636D6E-C209-4EC0-B453-61B9AEA68564}.Release|Any CPU.ActiveCfg = Release|Any CPU
		{C3636D6E-C209-4EC0-B453-61B9AEA68564}.Release|Any CPU.Build.0 = Release|Any CPU
		{409D2908-215B-4245-979B-2EDD6BFB38F0}.Debug|Any CPU.ActiveCfg = Debug|Any CPU
		{409D2908-215B-4245-979B-2EDD6BFB38F0}.Debug|Any CPU.Build.0 = Debug|Any CPU
		{409D2908-215B-4245-979B-2EDD6BFB38F0}.Release|Any CPU.ActiveCfg = Release|Any CPU
		{409D2908-215B-4245-979B-2EDD6BFB38F0}.Release|Any CPU.Build.0 = Release|Any CPU
	EndGlobalSection
	GlobalSection(SolutionProperties) = preSolution
		HideSolutionNode = FALSE
	EndGlobalSection
	GlobalSection(ExtensibilityGlobals) = postSolution
		SolutionGuid = {D76F5EDA-50FB-42F5-AFF1-9CFAF24557A1}
	EndGlobalSection
EndGlobal
